
Microsoft Visual Studio Solution File, Format Version 12.00
# Visual Studio Version 16
VisualStudioVersion = 16.0.30413.136
MinimumVisualStudioVersion = 10.0.40219.1
Project("{FAE04EC0-301F-11D3-BF4B-00C04F79EFBC}") = "TappedPage.Android", "TappedPage\TappedPage.Android\TappedPage.Android.csproj", "{DFB90A83-0A93-446D-8EE6-B1C5727F9A25}"
EndProject
Project("{FAE04EC0-301F-11D3-BF4B-00C04F79EFBC}") = "TappedPage", "TappedPage\TappedPage\TappedPage.csproj", "{7552E3B2-CDB4-4321-ADA2-EDAB823C3DB1}"
EndProject
Global
	GlobalSection(SolutionConfigurationPlatforms) = preSolution
		Debug|Any CPU = Debug|Any CPU
		Release|Any CPU = Release|Any CPU
	EndGlobalSection
	GlobalSection(ProjectConfigurationPlatforms) = postSolution
		{DFB90A83-0A93-446D-8EE6-B1C5727F9A25}.Debug|Any CPU.ActiveCfg = Debug|Any CPU
		{DFB90A83-0A93-446D-8EE6-B1C5727F9A25}.Debug|Any CPU.Build.0 = Debug|Any CPU
		{DFB90A83-0A93-446D-8EE6-B1C5727F9A25}.Debug|Any CPU.Deploy.0 = Debug|Any CPU
		{DFB90A83-0A93-446D-8EE6-B1C5727F9A25}.Release|Any CPU.ActiveCfg = Release|Any CPU
		{DFB90A83-0A93-446D-8EE6-B1C5727F9A25}.Release|Any CPU.Build.0 = Release|Any CPU
		{DFB90A83-0A93-446D-8EE6-B1C5727F9A25}.Release|Any CPU.Deploy.0 = Release|Any CPU
		{7552E3B2-CDB4-4321-ADA2-EDAB823C3DB1}.Debug|Any CPU.ActiveCfg = Debug|Any CPU
		{7552E3B2-CDB4-4321-ADA2-EDAB823C3DB1}.Debug|Any CPU.Build.0 = Debug|Any CPU
		{7552E3B2-CDB4-4321-ADA2-EDAB823C3DB1}.Debug|Any CPU.Deploy.0 = Debug|Any CPU
		{7552E3B2-CDB4-4321-ADA2-EDAB823C3DB1}.Release|Any CPU.ActiveCfg = Release|Any CPU
		{7552E3B2-CDB4-4321-ADA2-EDAB823C3DB1}.Release|Any CPU.Build.0 = Release|Any CPU
		{7552E3B2-CDB4-4321-ADA2-EDAB823C3DB1}.Release|Any CPU.Deploy.0 = Release|Any CPU
	EndGlobalSection
	GlobalSection(SolutionProperties) = preSolution
		HideSolutionNode = FALSE
	EndGlobalSection
	GlobalSection(ExtensibilityGlobals) = postSolution
		SolutionGuid = {AED134D1-FE1B-40F0-8BC0-A9226D4C6568}
	EndGlobalSection
EndGlobal
